// !$*UTF8*$!
{
	archiveVersion = 1;
	classes = {
	};
	objectVersion = 56;
	objects = {

/* Begin PBXBuildFile section */
		0D808BB329017D45006C0638 /* AppDelegate.swift in Sources */ = {isa = PBXBuildFile; fileRef = 0D808BB229017D45006C0638 /* AppDelegate.swift */; };
		0D808BB529017D45006C0638 /* SceneDelegate.swift in Sources */ = {isa = PBXBuildFile; fileRef = 0D808BB429017D45006C0638 /* SceneDelegate.swift */; };
		0D808BB729017D45006C0638 /* ViewController.swift in Sources */ = {isa = PBXBuildFile; fileRef = 0D808BB629017D45006C0638 /* ViewController.swift */; };
		0D808BBA29017D45006C0638 /* Main.storyboard in Resources */ = {isa = PBXBuildFile; fileRef = 0D808BB829017D45006C0638 /* Main.storyboard */; };
		0D808BBC29017D47006C0638 /* Assets.xcassets in Resources */ = {isa = PBXBuildFile; fileRef = 0D808BBB29017D47006C0638 /* Assets.xcassets */; };
		0D808BBF29017D47006C0638 /* LaunchScreen.storyboard in Resources */ = {isa = PBXBuildFile; fileRef = 0D808BBD29017D47006C0638 /* LaunchScreen.storyboard */; };
		0D808BCA29017D47006C0638 /* MaxHeapTests.swift in Sources */ = {isa = PBXBuildFile; fileRef = 0D808BC929017D47006C0638 /* MaxHeapTests.swift */; };
		0D840EC7290BF59D00B4DDC2 /* MinHeap.swift in Sources */ = {isa = PBXBuildFile; fileRef = 0D840EC6290BF59D00B4DDC2 /* MinHeap.swift */; };
		0D840EC9290BF5AC00B4DDC2 /* MinHeapTests.swift in Sources */ = {isa = PBXBuildFile; fileRef = 0D840EC8290BF5AC00B4DDC2 /* MinHeapTests.swift */; };
		0DA2190329018B1800630BB6 /* MaxHeap.swift in Sources */ = {isa = PBXBuildFile; fileRef = 0DA2190229018B1800630BB6 /* MaxHeap.swift */; };
		0DBEABD92A0D576D0031C1D6 /* MaxIndexedHeap.swift in Sources */ = {isa = PBXBuildFile; fileRef = 0DBEABD82A0D576D0031C1D6 /* MaxIndexedHeap.swift */; };
		0DBEABDB2A0D5A2B0031C1D6 /* MaxIndexedHeapTests.swift in Sources */ = {isa = PBXBuildFile; fileRef = 0DBEABDA2A0D5A2B0031C1D6 /* MaxIndexedHeapTests.swift */; };
		0DBEABDD2A0D5F080031C1D6 /* MinIndexedHeap.swift in Sources */ = {isa = PBXBuildFile; fileRef = 0DBEABDC2A0D5F080031C1D6 /* MinIndexedHeap.swift */; };
		0DBEABDF2A0D5FAA0031C1D6 /* MinIndexedHeapTests.swift in Sources */ = {isa = PBXBuildFile; fileRef = 0DBEABDE2A0D5FAA0031C1D6 /* MinIndexedHeapTests.swift */; };
/* End PBXBuildFile section */

/* Begin PBXContainerItemProxy section */
		0D808BC629017D47006C0638 /* PBXContainerItemProxy */ = {
			isa = PBXContainerItemProxy;
			containerPortal = 0D808BA729017D45006C0638 /* Project object */;
			proxyType = 1;
			remoteGlobalIDString = 0D808BAE29017D45006C0638;
			remoteInfo = HeapTesting;
		};
/* End PBXContainerItemProxy section */

/* Begin PBXFileReference section */
		0D808BAF29017D45006C0638 /* HeapTesting.app */ = {isa = PBXFileReference; explicitFileType = wrapper.application; includeInIndex = 0; path = HeapTesting.app; sourceTree = BUILT_PRODUCTS_DIR; };
		0D808BB229017D45006C0638 /* AppDelegate.swift */ = {isa = PBXFileReference; lastKnownFileType = sourcecode.swift; path = AppDelegate.swift; sourceTree = "<group>"; };
		0D808BB429017D45006C0638 /* SceneDelegate.swift */ = {isa = PBXFileReference; lastKnownFileType = sourcecode.swift; path = SceneDelegate.swift; sourceTree = "<group>"; };
		0D808BB629017D45006C0638 /* ViewController.swift */ = {isa = PBXFileReference; lastKnownFileType = sourcecode.swift; path = ViewController.swift; sourceTree = "<group>"; };
		0D808BB929017D45006C0638 /* Base */ = {isa = PBXFileReference; lastKnownFileType = file.storyboard; name = Base; path = Base.lproj/Main.storyboard; sourceTree = "<group>"; };
		0D808BBB29017D47006C0638 /* Assets.xcassets */ = {isa = PBXFileReference; lastKnownFileType = folder.assetcatalog; path = Assets.xcassets; sourceTree = "<group>"; };
		0D808BBE29017D47006C0638 /* Base */ = {isa = PBXFileReference; lastKnownFileType = file.storyboard; name = Base; path = Base.lproj/LaunchScreen.storyboard; sourceTree = "<group>"; };
		0D808BC029017D47006C0638 /* Info.plist */ = {isa = PBXFileReference; lastKnownFileType = text.plist.xml; path = Info.plist; sourceTree = "<group>"; };
		0D808BC529017D47006C0638 /* HeapTestingTests.xctest */ = {isa = PBXFileReference; explicitFileType = wrapper.cfbundle; includeInIndex = 0; path = HeapTestingTests.xctest; sourceTree = BUILT_PRODUCTS_DIR; };
		0D808BC929017D47006C0638 /* MaxHeapTests.swift */ = {isa = PBXFileReference; lastKnownFileType = sourcecode.swift; path = MaxHeapTests.swift; sourceTree = "<group>"; };
		0D840EC6290BF59D00B4DDC2 /* MinHeap.swift */ = {isa = PBXFileReference; fileEncoding = 4; lastKnownFileType = sourcecode.swift; path = MinHeap.swift; sourceTree = "<group>"; };
		0D840EC8290BF5AC00B4DDC2 /* MinHeapTests.swift */ = {isa = PBXFileReference; fileEncoding = 4; lastKnownFileType = sourcecode.swift; path = MinHeapTests.swift; sourceTree = "<group>"; };
		0DA2190229018B1800630BB6 /* MaxHeap.swift */ = {isa = PBXFileReference; fileEncoding = 4; lastKnownFileType = sourcecode.swift; path = MaxHeap.swift; sourceTree = "<group>"; };
		0DBEABD82A0D576D0031C1D6 /* MaxIndexedHeap.swift */ = {isa = PBXFileReference; lastKnownFileType = sourcecode.swift; path = MaxIndexedHeap.swift; sourceTree = "<group>"; };
		0DBEABDA2A0D5A2B0031C1D6 /* MaxIndexedHeapTests.swift */ = {isa = PBXFileReference; lastKnownFileType = sourcecode.swift; path = MaxIndexedHeapTests.swift; sourceTree = "<group>"; };
		0DBEABDC2A0D5F080031C1D6 /* MinIndexedHeap.swift */ = {isa = PBXFileReference; lastKnownFileType = sourcecode.swift; path = MinIndexedHeap.swift; sourceTree = "<group>"; };
		0DBEABDE2A0D5FAA0031C1D6 /* MinIndexedHeapTests.swift */ = {isa = PBXFileReference; lastKnownFileType = sourcecode.swift; path = MinIndexedHeapTests.swift; sourceTree = "<group>"; };
/* End PBXFileReference section */

/* Begin PBXFrameworksBuildPhase section */
		0D808BAC29017D45006C0638 /* Frameworks */ = {
			isa = PBXFrameworksBuildPhase;
			buildActionMask = 2147483647;
			files = (
			);
			runOnlyForDeploymentPostprocessing = 0;
		};
		0D808BC229017D47006C0638 /* Frameworks */ = {
			isa = PBXFrameworksBuildPhase;
			buildActionMask = 2147483647;
			files = (
			);
			runOnlyForDeploymentPostprocessing = 0;
		};
/* End PBXFrameworksBuildPhase section */

/* Begin PBXGroup section */
		0D808BA629017D45006C0638 = {
			isa = PBXGroup;
			children = (
				0D808BB129017D45006C0638 /* HeapTesting */,
				0D808BC829017D47006C0638 /* HeapTestingTests */,
				0D808BB029017D45006C0638 /* Products */,
			);
			sourceTree = "<group>";
		};
		0D808BB029017D45006C0638 /* Products */ = {
			isa = PBXGroup;
			children = (
				0D808BAF29017D45006C0638 /* HeapTesting.app */,
				0D808BC529017D47006C0638 /* HeapTestingTests.xctest */,
			);
			name = Products;
			sourceTree = "<group>";
		};
		0D808BB129017D45006C0638 /* HeapTesting */ = {
			isa = PBXGroup;
			children = (
				0D840EC6290BF59D00B4DDC2 /* MinHeap.swift */,
				0DA2190229018B1800630BB6 /* MaxHeap.swift */,
				0DBEABD82A0D576D0031C1D6 /* MaxIndexedHeap.swift */,
				0DBEABDC2A0D5F080031C1D6 /* MinIndexedHeap.swift */,
				0D808BB229017D45006C0638 /* AppDelegate.swift */,
				0D808BB429017D45006C0638 /* SceneDelegate.swift */,
				0D808BB629017D45006C0638 /* ViewController.swift */,
				0D808BB829017D45006C0638 /* Main.storyboard */,
				0D808BBB29017D47006C0638 /* Assets.xcassets */,
				0D808BBD29017D47006C0638 /* LaunchScreen.storyboard */,
				0D808BC029017D47006C0638 /* Info.plist */,
			);
			path = HeapTesting;
			sourceTree = "<group>";
		};
		0D808BC829017D47006C0638 /* HeapTestingTests */ = {
			isa = PBXGroup;
			children = (
				0D840EC8290BF5AC00B4DDC2 /* MinHeapTests.swift */,
				0D808BC929017D47006C0638 /* MaxHeapTests.swift */,
				0DBEABDA2A0D5A2B0031C1D6 /* MaxIndexedHeapTests.swift */,
				0DBEABDE2A0D5FAA0031C1D6 /* MinIndexedHeapTests.swift */,
			);
			path = HeapTestingTests;
			sourceTree = "<group>";
		};
/* End PBXGroup section */

/* Begin PBXNativeTarget section */
		0D808BAE29017D45006C0638 /* HeapTesting */ = {
			isa = PBXNativeTarget;
			buildConfigurationList = 0D808BD929017D47006C0638 /* Build configuration list for PBXNativeTarget "HeapTesting" */;
			buildPhases = (
				0D808BAB29017D45006C0638 /* Sources */,
				0D808BAC29017D45006C0638 /* Frameworks */,
				0D808BAD29017D45006C0638 /* Resources */,
			);
			buildRules = (
			);
			dependencies = (
			);
			name = HeapTesting;
			productName = HeapTesting;
			productReference = 0D808BAF29017D45006C0638 /* HeapTesting.app */;
			productType = "com.apple.product-type.application";
		};
		0D808BC429017D47006C0638 /* HeapTestingTests */ = {
			isa = PBXNativeTarget;
			buildConfigurationList = 0D808BDC29017D47006C0638 /* Build configuration list for PBXNativeTarget "HeapTestingTests" */;
			buildPhases = (
				0D808BC129017D47006C0638 /* Sources */,
				0D808BC229017D47006C0638 /* Frameworks */,
				0D808BC329017D47006C0638 /* Resources */,
			);
			buildRules = (
			);
			dependencies = (
				0D808BC729017D47006C0638 /* PBXTargetDependency */,
			);
			name = HeapTestingTests;
			productName = HeapTestingTests;
			productReference = 0D808BC529017D47006C0638 /* HeapTestingTests.xctest */;
			productType = "com.apple.product-type.bundle.unit-test";
		};
/* End PBXNativeTarget section */

/* Begin PBXProject section */
		0D808BA729017D45006C0638 /* Project object */ = {
			isa = PBXProject;
			attributes = {
				BuildIndependentTargetsInParallel = 1;
				LastSwiftUpdateCheck = 1400;
				LastUpgradeCheck = 1400;
				TargetAttributes = {
					0D808BAE29017D45006C0638 = {
						CreatedOnToolsVersion = 14.0.1;
					};
					0D808BC429017D47006C0638 = {
						CreatedOnToolsVersion = 14.0.1;
						TestTargetID = 0D808BAE29017D45006C0638;
					};
				};
			};
			buildConfigurationList = 0D808BAA29017D45006C0638 /* Build configuration list for PBXProject "HeapTesting" */;
			compatibilityVersion = "Xcode 14.0";
			developmentRegion = en;
			hasScannedForEncodings = 0;
			knownRegions = (
				en,
				Base,
			);
			mainGroup = 0D808BA629017D45006C0638;
			productRefGroup = 0D808BB029017D45006C0638 /* Products */;
			projectDirPath = "";
			projectRoot = "";
			targets = (
				0D808BAE29017D45006C0638 /* HeapTesting */,
				0D808BC429017D47006C0638 /* HeapTestingTests */,
			);
		};
/* End PBXProject section */

/* Begin PBXResourcesBuildPhase section */
		0D808BAD29017D45006C0638 /* Resources */ = {
			isa = PBXResourcesBuildPhase;
			buildActionMask = 2147483647;
			files = (
				0D808BBF29017D47006C0638 /* LaunchScreen.storyboard in Resources */,
				0D808BBC29017D47006C0638 /* Assets.xcassets in Resources */,
				0D808BBA29017D45006C0638 /* Main.storyboard in Resources */,
			);
			runOnlyForDeploymentPostprocessing = 0;
		};
		0D808BC329017D47006C0638 /* Resources */ = {
			isa = PBXResourcesBuildPhase;
			buildActionMask = 2147483647;
			files = (
			);
			runOnlyForDeploymentPostprocessing = 0;
		};
/* End PBXResourcesBuildPhase section */

/* Begin PBXSourcesBuildPhase section */
		0D808BAB29017D45006C0638 /* Sources */ = {
			isa = PBXSourcesBuildPhase;
			buildActionMask = 2147483647;
			files = (
				0DBEABD92A0D576D0031C1D6 /* MaxIndexedHeap.swift in Sources */,
				0DA2190329018B1800630BB6 /* MaxHeap.swift in Sources */,
				0D808BB729017D45006C0638 /* ViewController.swift in Sources */,
				0DBEABDD2A0D5F080031C1D6 /* MinIndexedHeap.swift in Sources */,
				0D808BB329017D45006C0638 /* AppDelegate.swift in Sources */,
				0D840EC7290BF59D00B4DDC2 /* MinHeap.swift in Sources */,
				0D808BB529017D45006C0638 /* SceneDelegate.swift in Sources */,
			);
			runOnlyForDeploymentPostprocessing = 0;
		};
		0D808BC129017D47006C0638 /* Sources */ = {
			isa = PBXSourcesBuildPhase;
			buildActionMask = 2147483647;
			files = (
				0DBEABDB2A0D5A2B0031C1D6 /* MaxIndexedHeapTests.swift in Sources */,
				0D840EC9290BF5AC00B4DDC2 /* MinHeapTests.swift in Sources */,
				0DBEABDF2A0D5FAA0031C1D6 /* MinIndexedHeapTests.swift in Sources */,
				0D808BCA29017D47006C0638 /* MaxHeapTests.swift in Sources */,
			);
			runOnlyForDeploymentPostprocessing = 0;
		};
/* End PBXSourcesBuildPhase section */

/* Begin PBXTargetDependency section */
		0D808BC729017D47006C0638 /* PBXTargetDependency */ = {
			isa = PBXTargetDependency;
			target = 0D808BAE29017D45006C0638 /* HeapTesting */;
			targetProxy = 0D808BC629017D47006C0638 /* PBXContainerItemProxy */;
		};
/* End PBXTargetDependency section */

/* Begin PBXVariantGroup section */
		0D808BB829017D45006C0638 /* Main.storyboard */ = {
			isa = PBXVariantGroup;
			children = (
				0D808BB929017D45006C0638 /* Base */,
			);
			name = Main.storyboard;
			sourceTree = "<group>";
		};
		0D808BBD29017D47006C0638 /* LaunchScreen.storyboard */ = {
			isa = PBXVariantGroup;
			children = (
				0D808BBE29017D47006C0638 /* Base */,
			);
			name = LaunchScreen.storyboard;
			sourceTree = "<group>";
		};
/* End PBXVariantGroup section */

/* Begin XCBuildConfiguration section */
		0D808BD729017D47006C0638 /* Debug */ = {
			isa = XCBuildConfiguration;
			buildSettings = {
				ALWAYS_SEARCH_USER_PATHS = NO;
				CLANG_ANALYZER_NONNULL = YES;
				CLANG_ANALYZER_NUMBER_OBJECT_CONVERSION = YES_AGGRESSIVE;
				CLANG_CXX_LANGUAGE_STANDARD = "gnu++20";
				CLANG_ENABLE_MODULES = YES;
				CLANG_ENABLE_OBJC_ARC = YES;
				CLANG_ENABLE_OBJC_WEAK = YES;
				CLANG_WARN_BLOCK_CAPTURE_AUTORELEASING = YES;
				CLANG_WARN_BOOL_CONVERSION = YES;
				CLANG_WARN_COMMA = YES;
				CLANG_WARN_CONSTANT_CONVERSION = YES;
				CLANG_WARN_DEPRECATED_OBJC_IMPLEMENTATIONS = YES;
				CLANG_WARN_DIRECT_OBJC_ISA_USAGE = YES_ERROR;
				CLANG_WARN_DOCUMENTATION_COMMENTS = YES;
				CLANG_WARN_EMPTY_BODY = YES;
				CLANG_WARN_ENUM_CONVERSION = YES;
				CLANG_WARN_INFINITE_RECURSION = YES;
				CLANG_WARN_INT_CONVERSION = YES;
				CLANG_WARN_NON_LITERAL_NULL_CONVERSION = YES;
				CLANG_WARN_OBJC_IMPLICIT_RETAIN_SELF = YES;
				CLANG_WARN_OBJC_LITERAL_CONVERSION = YES;
				CLANG_WARN_OBJC_ROOT_CLASS = YES_ERROR;
				CLANG_WARN_QUOTED_INCLUDE_IN_FRAMEWORK_HEADER = YES;
				CLANG_WARN_RANGE_LOOP_ANALYSIS = YES;
				CLANG_WARN_STRICT_PROTOTYPES = YES;
				CLANG_WARN_SUSPICIOUS_MOVE = YES;
				CLANG_WARN_UNGUARDED_AVAILABILITY = YES_AGGRESSIVE;
				CLANG_WARN_UNREACHABLE_CODE = YES;
				CLANG_WARN__DUPLICATE_METHOD_MATCH = YES;
				COPY_PHASE_STRIP = NO;
				DEBUG_INFORMATION_FORMAT = dwarf;
				ENABLE_STRICT_OBJC_MSGSEND = YES;
				ENABLE_TESTABILITY = YES;
				GCC_C_LANGUAGE_STANDARD = gnu11;
				GCC_DYNAMIC_NO_PIC = NO;
				GCC_NO_COMMON_BLOCKS = YES;
				GCC_OPTIMIZATION_LEVEL = 0;
				GCC_PREPROCESSOR_DEFINITIONS = (
					"DEBUG=1",
					"$(inherited)",
				);
				GCC_WARN_64_TO_32_BIT_CONVERSION = YES;
				GCC_WARN_ABOUT_RETURN_TYPE = YES_ERROR;
				GCC_WARN_UNDECLARED_SELECTOR = YES;
				GCC_WARN_UNINITIALIZED_AUTOS = YES_AGGRESSIVE;
				GCC_WARN_UNUSED_FUNCTION = YES;
				GCC_WARN_UNUSED_VARIABLE = YES;
				IPHONEOS_DEPLOYMENT_TARGET = 16.0;
				MTL_ENABLE_DEBUG_INFO = INCLUDE_SOURCE;
				MTL_FAST_MATH = YES;
				ONLY_ACTIVE_ARCH = YES;
				SDKROOT = iphoneos;
				SWIFT_ACTIVE_COMPILATION_CONDITIONS = DEBUG;
				SWIFT_OPTIMIZATION_LEVEL = "-Onone";
			};
			name = Debug;
		};
		0D808BD829017D47006C0638 /* Release */ = {
			isa = XCBuildConfiguration;
			buildSettings = {
				ALWAYS_SEARCH_USER_PATHS = NO;
				CLANG_ANALYZER_NONNULL = YES;
				CLANG_ANALYZER_NUMBER_OBJECT_CONVERSION = YES_AGGRESSIVE;
				CLANG_CXX_LANGUAGE_STANDARD = "gnu++20";
				CLANG_ENABLE_MODULES = YES;
				CLANG_ENABLE_OBJC_ARC = YES;
				CLANG_ENABLE_OBJC_WEAK = YES;
				CLANG_WARN_BLOCK_CAPTURE_AUTORELEASING = YES;
				CLANG_WARN_BOOL_CONVERSION = YES;
				CLANG_WARN_COMMA = YES;
				CLANG_WARN_CONSTANT_CONVERSION = YES;
				CLANG_WARN_DEPRECATED_OBJC_IMPLEMENTATIONS = YES;
				CLANG_WARN_DIRECT_OBJC_ISA_USAGE = YES_ERROR;
				CLANG_WARN_DOCUMENTATION_COMMENTS = YES;
				CLANG_WARN_EMPTY_BODY = YES;
				CLANG_WARN_ENUM_CONVERSION = YES;
				CLANG_WARN_INFINITE_RECURSION = YES;
				CLANG_WARN_INT_CONVERSION = YES;
				CLANG_WARN_NON_LITERAL_NULL_CONVERSION = YES;
				CLANG_WARN_OBJC_IMPLICIT_RETAIN_SELF = YES;
				CLANG_WARN_OBJC_LITERAL_CONVERSION = YES;
				CLANG_WARN_OBJC_ROOT_CLASS = YES_ERROR;
				CLANG_WARN_QUOTED_INCLUDE_IN_FRAMEWORK_HEADER = YES;
				CLANG_WARN_RANGE_LOOP_ANALYSIS = YES;
				CLANG_WARN_STRICT_PROTOTYPES = YES;
				CLANG_WARN_SUSPICIOUS_MOVE = YES;
				CLANG_WARN_UNGUARDED_AVAILABILITY = YES_AGGRESSIVE;
				CLANG_WARN_UNREACHABLE_CODE = YES;
				CLANG_WARN__DUPLICATE_METHOD_MATCH = YES;
				COPY_PHASE_STRIP = NO;
				DEBUG_INFORMATION_FORMAT = "dwarf-with-dsym";
				ENABLE_NS_ASSERTIONS = NO;
				ENABLE_STRICT_OBJC_MSGSEND = YES;
				GCC_C_LANGUAGE_STANDARD = gnu11;
				GCC_NO_COMMON_BLOCKS = YES;
				GCC_WARN_64_TO_32_BIT_CONVERSION = YES;
				GCC_WARN_ABOUT_RETURN_TYPE = YES_ERROR;
				GCC_WARN_UNDECLARED_SELECTOR = YES;
				GCC_WARN_UNINITIALIZED_AUTOS = YES_AGGRESSIVE;
				GCC_WARN_UNUSED_FUNCTION = YES;
				GCC_WARN_UNUSED_VARIABLE = YES;
				IPHONEOS_DEPLOYMENT_TARGET = 16.0;
				MTL_ENABLE_DEBUG_INFO = NO;
				MTL_FAST_MATH = YES;
				SDKROOT = iphoneos;
				SWIFT_COMPILATION_MODE = wholemodule;
				SWIFT_OPTIMIZATION_LEVEL = "-O";
				VALIDATE_PRODUCT = YES;
			};
			name = Release;
		};
		0D808BDA29017D47006C0638 /* Debug */ = {
			isa = XCBuildConfiguration;
			buildSettings = {
				ASSETCATALOG_COMPILER_APPICON_NAME = AppIcon;
				ASSETCATALOG_COMPILER_GLOBAL_ACCENT_COLOR_NAME = AccentColor;
				CODE_SIGN_STYLE = Automatic;
				CURRENT_PROJECT_VERSION = 1;
				DEVELOPMENT_TEAM = "";
				GENERATE_INFOPLIST_FILE = YES;
				INFOPLIST_FILE = HeapTesting/Info.plist;
				INFOPLIST_KEY_UIApplicationSupportsIndirectInputEvents = YES;
				INFOPLIST_KEY_UILaunchStoryboardName = LaunchScreen;
				INFOPLIST_KEY_UIMainStoryboardFile = Main;
				INFOPLIST_KEY_UISupportedInterfaceOrientations_iPad = "UIInterfaceOrientationPortrait UIInterfaceOrientationPortraitUpsideDown UIInterfaceOrientationLandscapeLeft UIInterfaceOrientationLandscapeRight";
				INFOPLIST_KEY_UISupportedInterfaceOrientations_iPhone = "UIInterfaceOrientationPortrait UIInterfaceOrientationLandscapeLeft UIInterfaceOrientationLandscapeRight";
				LD_RUNPATH_SEARCH_PATHS = (
					"$(inherited)",
					"@executable_path/Frameworks",
				);
				MARKETING_VERSION = 1.0;
				PRODUCT_BUNDLE_IDENTIFIER = com.nick.raptis.heaps;
				PRODUCT_NAME = "$(TARGET_NAME)";
				SWIFT_EMIT_LOC_STRINGS = YES;
				SWIFT_VERSION = 5.0;
				TARGETED_DEVICE_FAMILY = "1,2";
			};
			name = Debug;
		};
		0D808BDB29017D47006C0638 /* Release */ = {
			isa = XCBuildConfiguration;
			buildSettings = {
				ASSETCATALOG_COMPILER_APPICON_NAME = AppIcon;
				ASSETCATALOG_COMPILER_GLOBAL_ACCENT_COLOR_NAME = AccentColor;
				CODE_SIGN_STYLE = Automatic;
				CURRENT_PROJECT_VERSION = 1;
				DEVELOPMENT_TEAM = "";
				GENERATE_INFOPLIST_FILE = YES;
				INFOPLIST_FILE = HeapTesting/Info.plist;
				INFOPLIST_KEY_UIApplicationSupportsIndirectInputEvents = YES;
				INFOPLIST_KEY_UILaunchStoryboardName = LaunchScreen;
				INFOPLIST_KEY_UIMainStoryboardFile = Main;
				INFOPLIST_KEY_UISupportedInterfaceOrientations_iPad = "UIInterfaceOrientationPortrait UIInterfaceOrientationPortraitUpsideDown UIInterfaceOrientationLandscapeLeft UIInterfaceOrientationLandscapeRight";
				INFOPLIST_KEY_UISupportedInterfaceOrientations_iPhone = "UIInterfaceOrientationPortrait UIInterfaceOrientationLandscapeLeft UIInterfaceOrientationLandscapeRight";
				LD_RUNPATH_SEARCH_PATHS = (
					"$(inherited)",
					"@executable_path/Frameworks",
				);
				MARKETING_VERSION = 1.0;
				PRODUCT_BUNDLE_IDENTIFIER = com.nick.raptis.heaps;
				PRODUCT_NAME = "$(TARGET_NAME)";
				SWIFT_EMIT_LOC_STRINGS = YES;
				SWIFT_VERSION = 5.0;
				TARGETED_DEVICE_FAMILY = "1,2";
			};
			name = Release;
		};
		0D808BDD29017D47006C0638 /* Debug */ = {
			isa = XCBuildConfiguration;
			buildSettings = {
				ALWAYS_EMBED_SWIFT_STANDARD_LIBRARIES = YES;
				BUNDLE_LOADER = "$(TEST_HOST)";
				CODE_SIGN_STYLE = Automatic;
				CURRENT_PROJECT_VERSION = 1;
				GENERATE_INFOPLIST_FILE = YES;
				IPHONEOS_DEPLOYMENT_TARGET = 16.0;
				MARKETING_VERSION = 1.0;
				PRODUCT_BUNDLE_IDENTIFIER = com.nick.raptis.olschool.network.HeapTestingTests;
				PRODUCT_NAME = "$(TARGET_NAME)";
				SWIFT_EMIT_LOC_STRINGS = NO;
				SWIFT_VERSION = 5.0;
				TARGETED_DEVICE_FAMILY = "1,2";
				TEST_HOST = "$(BUILT_PRODUCTS_DIR)/HeapTesting.app/$(BUNDLE_EXECUTABLE_FOLDER_PATH)/HeapTesting";
			};
			name = Debug;
		};
		0D808BDE29017D47006C0638 /* Release */ = {
			isa = XCBuildConfiguration;
			buildSettings = {
				ALWAYS_EMBED_SWIFT_STANDARD_LIBRARIES = YES;
				BUNDLE_LOADER = "$(TEST_HOST)";
				CODE_SIGN_STYLE = Automatic;
				CURRENT_PROJECT_VERSION = 1;
				GENERATE_INFOPLIST_FILE = YES;
				IPHONEOS_DEPLOYMENT_TARGET = 16.0;
				MARKETING_VERSION = 1.0;
				PRODUCT_BUNDLE_IDENTIFIER = com.nick.raptis.olschool.network.HeapTestingTests;
				PRODUCT_NAME = "$(TARGET_NAME)";
				SWIFT_EMIT_LOC_STRINGS = NO;
				SWIFT_VERSION = 5.0;
				TARGETED_DEVICE_FAMILY = "1,2";
				TEST_HOST = "$(BUILT_PRODUCTS_DIR)/HeapTesting.app/$(BUNDLE_EXECUTABLE_FOLDER_PATH)/HeapTesting";
			};
			name = Release;
		};
/* End XCBuildConfiguration section */

/* Begin XCConfigurationList section */
		0D808BAA29017D45006C0638 /* Build configuration list for PBXProject "HeapTesting" */ = {
			isa = XCConfigurationList;
			buildConfigurations = (
				0D808BD729017D47006C0638 /* Debug */,
				0D808BD829017D47006C0638 /* Release */,
			);
			defaultConfigurationIsVisible = 0;
			defaultConfigurationName = Release;
		};
		0D808BD929017D47006C0638 /* Build configuration list for PBXNativeTarget "HeapTesting" */ = {
			isa = XCConfigurationList;
			buildConfigurations = (
				0D808BDA29017D47006C0638 /* Debug */,
				0D808BDB29017D47006C0638 /* Release */,
			);
			defaultConfigurationIsVisible = 0;
			defaultConfigurationName = Release;
		};
		0D808BDC29017D47006C0638 /* Build configuration list for PBXNativeTarget "HeapTestingTests" */ = {
			isa = XCConfigurationList;
			buildConfigurations = (
				0D808BDD29017D47006C0638 /* Debug */,
				0D808BDE29017D47006C0638 /* Release */,
			);
			defaultConfigurationIsVisible = 0;
			defaultConfigurationName = Release;
		};
/* End XCConfigurationList section */
	};
	rootObject = 0D808BA729017D45006C0638 /* Project object */;
}
